
Microsoft Visual Studio Solution File, Format Version 12.00
# Visual Studio Version 17
VisualStudioVersion = 17.5.33516.290
MinimumVisualStudioVersion = 10.0.40219.1
Project("{8BC9CEB8-8B4A-11D0-8D11-00A0C91BC942}") = "20230414_14", "20230414_14\20230414_14.vcxproj", "{33257DAE-70CB-42EC-B4C4-11EC6DD70C74}"
EndProject
Global
	GlobalSection(SolutionConfigurationPlatforms) = preSolution
		Debug|x64 = Debug|x64
		Debug|x86 = Debug|x86
		Release|x64 = Release|x64
		Release|x86 = Release|x86
	EndGlobalSection
	GlobalSection(ProjectConfigurationPlatforms) = postSolution
		{33257DAE-70CB-42EC-B4C4-11EC6DD70C74}.Debug|x64.ActiveCfg = Debug|x64
		{33257DAE-70CB-42EC-B4C4-11EC6DD70C74}.Debug|x64.Build.0 = Debug|x64
		{33257DAE-70CB-42EC-B4C4-11EC6DD70C74}.Debug|x86.ActiveCfg = Debug|Win32
		{33257DAE-70CB-42EC-B4C4-11EC6DD70C74}.Debug|x86.Build.0 = Debug|Win32
		{33257DAE-70CB-42EC-B4C4-11EC6DD70C74}.Release|x64.ActiveCfg = Release|x64
		{33257DAE-70CB-42EC-B4C4-11EC6DD70C74}.Release|x64.Build.0 = Release|x64
		{33257DAE-70CB-42EC-B4C4-11EC6DD70C74}.Release|x86.ActiveCfg = Release|Win32
		{33257DAE-70CB-42EC-B4C4-11EC6DD70C74}.Release|x86.Build.0 = Release|Win32
	EndGlobalSection
	GlobalSection(SolutionProperties) = preSolution
		HideSolutionNode = FALSE
	EndGlobalSection
	GlobalSection(ExtensibilityGlobals) = postSolution
		SolutionGuid = {88F327F0-09CE-4453-A673-421C50948F73}
	EndGlobalSection
EndGlobal
