
Microsoft Visual Studio Solution File, Format Version 12.00
# Visual Studio Version 17
VisualStudioVersion = 17.5.33424.131
MinimumVisualStudioVersion = 10.0.40219.1
Project("{8BC9CEB8-8B4A-11D0-8D11-00A0C91BC942}") = "20230308_8", "20230308_8\20230308_8.vcxproj", "{CA2F86A1-2BAE-48E4-8228-9FB8CA718772}"
EndProject
Global
	GlobalSection(SolutionConfigurationPlatforms) = preSolution
		Debug|x64 = Debug|x64
		Debug|x86 = Debug|x86
		Release|x64 = Release|x64
		Release|x86 = Release|x86
	EndGlobalSection
	GlobalSection(ProjectConfigurationPlatforms) = postSolution
		{CA2F86A1-2BAE-48E4-8228-9FB8CA718772}.Debug|x64.ActiveCfg = Debug|x64
		{CA2F86A1-2BAE-48E4-8228-9FB8CA718772}.Debug|x64.Build.0 = Debug|x64
		{CA2F86A1-2BAE-48E4-8228-9FB8CA718772}.Debug|x86.ActiveCfg = Debug|Win32
		{CA2F86A1-2BAE-48E4-8228-9FB8CA718772}.Debug|x86.Build.0 = Debug|Win32
		{CA2F86A1-2BAE-48E4-8228-9FB8CA718772}.Release|x64.ActiveCfg = Release|x64
		{CA2F86A1-2BAE-48E4-8228-9FB8CA718772}.Release|x64.Build.0 = Release|x64
		{CA2F86A1-2BAE-48E4-8228-9FB8CA718772}.Release|x86.ActiveCfg = Release|Win32
		{CA2F86A1-2BAE-48E4-8228-9FB8CA718772}.Release|x86.Build.0 = Release|Win32
	EndGlobalSection
	GlobalSection(SolutionProperties) = preSolution
		HideSolutionNode = FALSE
	EndGlobalSection
	GlobalSection(ExtensibilityGlobals) = postSolution
		SolutionGuid = {73AFF1A5-2B3E-485A-9F3D-675A6F8B3966}
	EndGlobalSection
EndGlobal
