
Microsoft Visual Studio Solution File, Format Version 12.00
# Visual Studio Version 17
VisualStudioVersion = 17.3.32901.215
MinimumVisualStudioVersion = 10.0.40219.1
Project("{8BC9CEB8-8B4A-11D0-8D11-00A0C91BC942}") = "202304023_21", "202304023_21.vcxproj", "{47444872-8F8D-4B90-AFFA-9D1230105BAB}"
EndProject
Global
	GlobalSection(SolutionConfigurationPlatforms) = preSolution
		Debug|x64 = Debug|x64
		Debug|x86 = Debug|x86
		Release|x64 = Release|x64
		Release|x86 = Release|x86
	EndGlobalSection
	GlobalSection(ProjectConfigurationPlatforms) = postSolution
		{47444872-8F8D-4B90-AFFA-9D1230105BAB}.Debug|x64.ActiveCfg = Debug|x64
		{47444872-8F8D-4B90-AFFA-9D1230105BAB}.Debug|x64.Build.0 = Debug|x64
		{47444872-8F8D-4B90-AFFA-9D1230105BAB}.Debug|x86.ActiveCfg = Debug|Win32
		{47444872-8F8D-4B90-AFFA-9D1230105BAB}.Debug|x86.Build.0 = Debug|Win32
		{47444872-8F8D-4B90-AFFA-9D1230105BAB}.Release|x64.ActiveCfg = Release|x64
		{47444872-8F8D-4B90-AFFA-9D1230105BAB}.Release|x64.Build.0 = Release|x64
		{47444872-8F8D-4B90-AFFA-9D1230105BAB}.Release|x86.ActiveCfg = Release|Win32
		{47444872-8F8D-4B90-AFFA-9D1230105BAB}.Release|x86.Build.0 = Release|Win32
	EndGlobalSection
	GlobalSection(SolutionProperties) = preSolution
		HideSolutionNode = FALSE
	EndGlobalSection
	GlobalSection(ExtensibilityGlobals) = postSolution
		SolutionGuid = {1DDB30B3-F3B8-43BD-993E-C1026A188A53}
	EndGlobalSection
EndGlobal
